# This file is automatically @generated by Cargo.
# It is not intended for manual editing.
version = 3

[[package]]
name = "adler"
version = "1.0.2"
source = "registry+https://github.com/rust-lang/crates.io-index"
checksum = "f26201604c87b1e01bd3d98f8d5d9a8fcbb815e8cedb41ffccbeb4bf593a35fe"

[[package]]
name = "aho-corasick"
version = "0.7.18"
source = "registry+https://github.com/rust-lang/crates.io-index"
checksum = "1e37cfd5e7657ada45f742d6e99ca5788580b5c529dc78faf11ece6dc702656f"
dependencies = [
 "memchr",
]

[[package]]
name = "async_io_stream"
version = "0.3.3"
source = "registry+https://github.com/rust-lang/crates.io-index"
checksum = "b6d7b9decdf35d8908a7e3ef02f64c5e9b1695e230154c0e8de3969142d9b94c"
dependencies = [
 "futures",
 "pharos",
 "rustc_version 0.4.0",
]

[[package]]
name = "autocfg"
version = "1.1.0"
source = "registry+https://github.com/rust-lang/crates.io-index"
checksum = "d468802bab17cbc0cc575e9b053f41e72aa36bfa6b7f55e3529ffa43161b97fa"

[[package]]
name = "bitflags"
version = "1.3.2"
source = "registry+https://github.com/rust-lang/crates.io-index"
checksum = "bef38d45163c2f1dde094a7dfd33ccf595c92905c8f8f4fdc18d06fb1037718a"

[[package]]
name = "bumpalo"
version = "3.11.0"
source = "registry+https://github.com/rust-lang/crates.io-index"
checksum = "c1ad822118d20d2c234f427000d5acc36eabe1e29a348c89b63dd60b13f28e5d"

[[package]]
name = "bytes"
version = "1.1.0"
source = "registry+https://github.com/rust-lang/crates.io-index"
checksum = "c4872d67bab6358e59559027aa3b9157c53d9358c51423c17554809a8858e0f8"

[[package]]
name = "cfg-if"
version = "1.0.0"
source = "registry+https://github.com/rust-lang/crates.io-index"
checksum = "baf1de4339761588bc0619e3cbc0120ee582ebb74b53b4efbf79117bd2da40fd"

[[package]]
name = "content_inspector"
version = "0.2.4"
source = "registry+https://github.com/rust-lang/crates.io-index"
checksum = "b7bda66e858c683005a53a9a60c69a4aca7eeaa45d124526e389f7aec8e62f38"
dependencies = [
 "memchr",
]

[[package]]
name = "crc32c"
version = "0.6.0"
source = "registry+https://github.com/rust-lang/crates.io-index"
checksum = "210cdf933e6a81212bfabf90cd8762f471b5922e5f6b709547673ad8e04b9448"
dependencies = [
 "rustc_version 0.2.3",
]

[[package]]
name = "crc32fast"
version = "1.3.2"
source = "registry+https://github.com/rust-lang/crates.io-index"
checksum = "b540bd8bc810d3885c6ea91e2018302f68baba2129ab3e88f32389ee9370880d"
dependencies = [
 "cfg-if",
]

[[package]]
name = "eyre"
version = "0.6.8"
source = "registry+https://github.com/rust-lang/crates.io-index"
checksum = "4c2b6b5a29c02cdc822728b7d7b8ae1bab3e3b05d44522770ddd49722eeac7eb"
dependencies = [
 "indenter",
 "once_cell",
]

[[package]]
name = "flate2"
version = "1.0.22"
source = "registry+https://github.com/rust-lang/crates.io-index"
checksum = "1e6988e897c1c9c485f43b47a529cef42fde0547f9d8d41a7062518f1d8fc53f"
dependencies = [
 "cfg-if",
 "crc32fast",
 "libc",
 "miniz_oxide",
]

[[package]]
name = "fluvio-compression"
version = "0.2.0"
source = "registry+https://github.com/rust-lang/crates.io-index"
checksum = "cbef7d6100728824960ed3d3e6b242a1c467db2fd6e26374635981d0547c7e27"
dependencies = [
 "bytes",
 "flate2",
 "lz4_flex",
 "serde",
 "snap",
 "thiserror",
]

[[package]]
name = "fluvio-compression"
version = "0.2.1"
dependencies = [
 "bytes",
 "flate2",
 "lz4_flex",
 "serde",
 "snap",
 "thiserror",
]

[[package]]
name = "fluvio-dataplane-protocol"
version = "0.11.6"
source = "registry+https://github.com/rust-lang/crates.io-index"
checksum = "a691755125a8211290191dc46f6a2c07898d891c00c4e09ebbad735908afa35a"
dependencies = [
 "bytes",
 "cfg-if",
 "content_inspector",
 "crc32c",
 "eyre",
 "fluvio-compression 0.2.0",
 "fluvio-future",
 "fluvio-protocol 0.7.9",
 "fluvio-types 0.3.8 (registry+https://github.com/rust-lang/crates.io-index)",
 "flv-util",
 "futures-util",
 "once_cell",
 "semver 1.0.13",
 "thiserror",
 "tracing",
]

[[package]]
name = "fluvio-future"
version = "0.4.2"
source = "registry+https://github.com/rust-lang/crates.io-index"
checksum = "87c637d55360a7a105c387b7cc04d19c5f1532366cade02e6b258f06835a65e1"
dependencies = [
 "fluvio-wasm-timer",
 "log",
 "thiserror",
 "tracing",
 "ws_stream_wasm",
]

[[package]]
name = "fluvio-protocol"
version = "0.7.9"
source = "registry+https://github.com/rust-lang/crates.io-index"
checksum = "6a5fa561c1628d40bdde2fbde33cb1ce4597386a3f943b45b09703bc3534cf2d"
dependencies = [
 "bytes",
 "fluvio-protocol-derive 0.4.2",
 "tracing",
]

[[package]]
name = "fluvio-protocol"
version = "0.8.0"
dependencies = [
 "bytes",
 "content_inspector",
 "crc32c",
 "eyre",
 "fluvio-compression 0.2.1",
 "fluvio-protocol-derive 0.4.3",
 "fluvio-types 0.3.8",
 "flv-util",
 "once_cell",
 "semver 1.0.13",
 "thiserror",
 "tracing",
]

[[package]]
name = "fluvio-protocol-derive"
version = "0.4.2"
source = "registry+https://github.com/rust-lang/crates.io-index"
checksum = "37e1b0457e0fd958a6a8f54a508fda58ba169ba667d3fe26367fa50eee4d733b"
dependencies = [
 "proc-macro2",
 "quote",
 "syn",
 "tracing",
]

[[package]]
name = "fluvio-protocol-derive"
version = "0.4.3"
dependencies = [
 "proc-macro2",
 "quote",
 "syn",
 "tracing",
]

[[package]]
name = "fluvio-smartmodule"
version = "0.2.5"
source = "registry+https://github.com/rust-lang/crates.io-index"
checksum = "1ef31561078a389034e04bbeae58cd4cac64282bd7e75c8195422fba4fe68b53"
dependencies = [
 "eyre",
 "fluvio-dataplane-protocol",
 "fluvio-smartmodule-derive 0.2.1",
]

[[package]]
name = "fluvio-smartmodule"
version = "0.3.0"
dependencies = [
 "eyre",
 "fluvio-protocol 0.8.0",
 "fluvio-smartmodule-derive 0.3.0",
 "thiserror",
 "tracing",
]

[[package]]
name = "fluvio-smartmodule-aggregate"
version = "0.0.0"
dependencies = [
 "fluvio-smartmodule 0.3.0",
]

[[package]]
name = "fluvio-smartmodule-array-map-array"
version = "0.0.0"
dependencies = [
 "fluvio-smartmodule 0.3.0",
 "serde_json",
]

[[package]]
name = "fluvio-smartmodule-array-map-object"
version = "0.0.0"
dependencies = [
 "fluvio-smartmodule 0.3.0",
 "serde_json",
]

[[package]]
name = "fluvio-smartmodule-derive"
version = "0.2.1"
source = "registry+https://github.com/rust-lang/crates.io-index"
checksum = "16a97199cab326dcc210e8c771c8b99bfbd32ddb0e5ce1bfe54e303b8c3d3955"
dependencies = [
 "proc-macro2",
 "quote",
 "syn",
]

[[package]]
name = "fluvio-smartmodule-derive"
version = "0.3.0"
dependencies = [
 "proc-macro2",
 "quote",
 "syn",
]

[[package]]
name = "fluvio-smartmodule-filter"
version = "0.0.0"
dependencies = [
 "fluvio-smartmodule 0.3.0",
]

[[package]]
name = "fluvio-smartmodule-filter-init"
version = "0.0.0"
dependencies = [
 "fluvio-smartmodule 0.3.0",
 "once_cell",
]

[[package]]
name = "fluvio-smartmodule-filter-map"
version = "0.0.0"
dependencies = [
 "fluvio-smartmodule 0.3.0",
]

[[package]]
name = "fluvio-smartmodule-filter-param"
version = "0.0.0"
dependencies = [
 "fluvio-smartmodule 0.3.0",
 "once_cell",
]

[[package]]
name = "fluvio-smartmodule-map"
version = "0.0.0"
dependencies = [
 "fluvio-smartmodule 0.3.0",
]

[[package]]
name = "fluvio-types"
version = "0.3.8"
dependencies = [
 "thiserror",
 "tracing",
]

[[package]]
name = "fluvio-types"
version = "0.3.8"
source = "registry+https://github.com/rust-lang/crates.io-index"
checksum = "9a675cf4a60aa0bff6f5d9d2c3c5201fc5a214cbb9e9d7f0127c7792314714bf"
dependencies = [
 "thiserror",
 "tracing",
]

[[package]]
name = "fluvio-wasm-aggregate-average"
version = "0.0.0"
dependencies = [
 "fluvio-smartmodule 0.3.0",
 "serde",
 "serde_json",
]

[[package]]
name = "fluvio-wasm-aggregate-json"
version = "0.0.0"
dependencies = [
 "fluvio-smartmodule 0.3.0",
 "serde",
 "serde_json",
]

[[package]]
name = "fluvio-wasm-aggregate-sum"
version = "0.0.0"
dependencies = [
 "fluvio-smartmodule 0.3.0",
]

[[package]]
name = "fluvio-wasm-array-map-reddit"
version = "0.0.0"
dependencies = [
 "fluvio-smartmodule 0.3.0",
 "serde",
 "serde_json",
]

[[package]]
name = "fluvio-wasm-filter-json"
version = "0.0.0"
dependencies = [
 "fluvio-smartmodule 0.3.0",
 "serde",
 "serde_json",
]

[[package]]
name = "fluvio-wasm-filter-odd"
version = "0.0.0"
dependencies = [
 "fluvio-smartmodule 0.3.0",
 "thiserror",
]

[[package]]
name = "fluvio-wasm-filter-regex"
version = "0.0.0"
dependencies = [
 "fluvio-smartmodule 0.3.0",
 "regex",
]

[[package]]
name = "fluvio-wasm-filter-with-parameters-v1"
version = "0.0.0"
dependencies = [
 "fluvio-smartmodule 0.2.5",
]

[[package]]
name = "fluvio-wasm-join"
version = "0.0.0"
dependencies = [
 "fluvio-smartmodule 0.3.0",
]

[[package]]
name = "fluvio-wasm-map-double"
version = "0.0.0"
dependencies = [
 "fluvio-smartmodule 0.3.0",
]

[[package]]
name = "fluvio-wasm-map-json"
version = "0.0.0"
dependencies = [
 "fluvio-smartmodule 0.3.0",
 "serde",
 "serde_json",
 "serde_yaml",
]

[[package]]
name = "fluvio-wasm-map-regex"
version = "0.0.0"
dependencies = [
 "fluvio-smartmodule 0.3.0",
 "once_cell",
 "regex",
]

[[package]]
name = "fluvio-wasm-timer"
version = "0.2.5"
source = "registry+https://github.com/rust-lang/crates.io-index"
checksum = "b768c170dc045fa587a8f948c91f9bcfb87f774930477c6215addf54317f137f"
dependencies = [
 "futures",
 "js-sys",
 "parking_lot",
 "pin-utils",
 "wasm-bindgen",
 "wasm-bindgen-futures",
 "web-sys",
]

[[package]]
name = "flv-util"
version = "0.5.2"
source = "registry+https://github.com/rust-lang/crates.io-index"
checksum = "de89447c8b4aecfa4c0614d1a7be1c6ab4a0266b59bb2713fd746901f28d124e"
dependencies = [
 "log",
 "tracing",
]

[[package]]
name = "futures"
version = "0.3.24"
source = "registry+https://github.com/rust-lang/crates.io-index"
checksum = "7f21eda599937fba36daeb58a22e8f5cee2d14c4a17b5b7739c7c8e5e3b8230c"
dependencies = [
 "futures-channel",
 "futures-core",
 "futures-executor",
 "futures-io",
 "futures-sink",
 "futures-task",
 "futures-util",
]

[[package]]
name = "futures-channel"
version = "0.3.24"
source = "registry+https://github.com/rust-lang/crates.io-index"
checksum = "30bdd20c28fadd505d0fd6712cdfcb0d4b5648baf45faef7f852afb2399bb050"
dependencies = [
 "futures-core",
 "futures-sink",
]

[[package]]
name = "futures-core"
version = "0.3.24"
source = "registry+https://github.com/rust-lang/crates.io-index"
checksum = "4e5aa3de05362c3fb88de6531e6296e85cde7739cccad4b9dfeeb7f6ebce56bf"

[[package]]
name = "futures-executor"
version = "0.3.24"
source = "registry+https://github.com/rust-lang/crates.io-index"
checksum = "9ff63c23854bee61b6e9cd331d523909f238fc7636290b96826e9cfa5faa00ab"
dependencies = [
 "futures-core",
 "futures-task",
 "futures-util",
]

[[package]]
name = "futures-io"
version = "0.3.24"
source = "registry+https://github.com/rust-lang/crates.io-index"
checksum = "bbf4d2a7a308fd4578637c0b17c7e1c7ba127b8f6ba00b29f717e9655d85eb68"

[[package]]
name = "futures-macro"
version = "0.3.24"
source = "registry+https://github.com/rust-lang/crates.io-index"
checksum = "42cd15d1c7456c04dbdf7e88bcd69760d74f3a798d6444e16974b505b0e62f17"
dependencies = [
 "proc-macro2",
 "quote",
 "syn",
]

[[package]]
name = "futures-sink"
version = "0.3.24"
source = "registry+https://github.com/rust-lang/crates.io-index"
checksum = "21b20ba5a92e727ba30e72834706623d94ac93a725410b6a6b6fbc1b07f7ba56"

[[package]]
name = "futures-task"
version = "0.3.24"
source = "registry+https://github.com/rust-lang/crates.io-index"
checksum = "a6508c467c73851293f390476d4491cf4d227dbabcd4170f3bb6044959b294f1"

[[package]]
name = "futures-util"
version = "0.3.24"
source = "registry+https://github.com/rust-lang/crates.io-index"
checksum = "44fb6cb1be61cc1d2e43b262516aafcf63b241cffdb1d3fa115f91d9c7b09c90"
dependencies = [
 "futures-channel",
 "futures-core",
 "futures-io",
 "futures-macro",
 "futures-sink",
 "futures-task",
 "memchr",
 "pin-project-lite",
 "pin-utils",
 "slab",
]

[[package]]
name = "hashbrown"
version = "0.12.3"
source = "registry+https://github.com/rust-lang/crates.io-index"
checksum = "8a9ee70c43aaf417c914396645a0fa852624801b24ebb7ae78fe8272889ac888"

[[package]]
name = "indenter"
version = "0.3.3"
source = "registry+https://github.com/rust-lang/crates.io-index"
checksum = "ce23b50ad8242c51a442f3ff322d56b02f08852c77e4c0b4d3fd684abc89c683"

[[package]]
name = "indexmap"
version = "1.9.1"
source = "registry+https://github.com/rust-lang/crates.io-index"
checksum = "10a35a97730320ffe8e2d410b5d3b69279b98d2c14bdb8b70ea89ecf7888d41e"
dependencies = [
 "autocfg",
 "hashbrown",
]

[[package]]
name = "instant"
version = "0.1.12"
source = "registry+https://github.com/rust-lang/crates.io-index"
checksum = "7a5bbe824c507c5da5956355e86a746d82e0e1464f65d862cc5e71da70e94b2c"
dependencies = [
 "cfg-if",
 "js-sys",
 "wasm-bindgen",
 "web-sys",
]

[[package]]
name = "itoa"
version = "0.4.8"
source = "registry+https://github.com/rust-lang/crates.io-index"
checksum = "b71991ff56294aa922b450139ee08b3bfc70982c6b2c7562771375cf73542dd4"

[[package]]
name = "itoa"
version = "1.0.3"
source = "registry+https://github.com/rust-lang/crates.io-index"
checksum = "6c8af84674fe1f223a982c933a0ee1086ac4d4052aa0fb8060c12c6ad838e754"

[[package]]
name = "js-sys"
version = "0.3.59"
source = "registry+https://github.com/rust-lang/crates.io-index"
checksum = "258451ab10b34f8af53416d1fdab72c22e805f0c92a1136d59470ec0b11138b2"
dependencies = [
 "wasm-bindgen",
]

[[package]]
name = "libc"
version = "0.2.106"
source = "registry+https://github.com/rust-lang/crates.io-index"
checksum = "a60553f9a9e039a333b4e9b20573b9e9b9c0bb3a11e201ccc48ef4283456d673"

[[package]]
name = "lock_api"
version = "0.4.8"
source = "registry+https://github.com/rust-lang/crates.io-index"
checksum = "9f80bf5aacaf25cbfc8210d1cfb718f2bf3b11c4c54e5afe36c236853a8ec390"
dependencies = [
 "autocfg",
 "scopeguard",
]

[[package]]
name = "log"
version = "0.4.14"
source = "registry+https://github.com/rust-lang/crates.io-index"
checksum = "51b9bbe6c47d51fc3e1a9b945965946b4c44142ab8792c50835a980d362c2710"
dependencies = [
 "cfg-if",
]

[[package]]
name = "lz4_flex"
version = "0.9.2"
source = "registry+https://github.com/rust-lang/crates.io-index"
checksum = "42c51df9d8d4842336c835df1d85ed447c4813baa237d033d95128bf5552ad8a"
dependencies = [
 "twox-hash",
]

[[package]]
name = "memchr"
version = "2.4.1"
source = "registry+https://github.com/rust-lang/crates.io-index"
checksum = "308cc39be01b73d0d18f82a0e7b2a3df85245f84af96fdddc5d202d27e47b86a"

[[package]]
name = "miniz_oxide"
version = "0.4.4"
source = "registry+https://github.com/rust-lang/crates.io-index"
checksum = "a92518e98c078586bc6c934028adcca4c92a53d6a958196de835170a01d84e4b"
dependencies = [
 "adler",
 "autocfg",
]

[[package]]
name = "once_cell"
version = "1.13.0"
source = "registry+https://github.com/rust-lang/crates.io-index"
checksum = "18a6dbe30758c9f83eb00cbea4ac95966305f5a7772f3f42ebfc7fc7eddbd8e1"

[[package]]
name = "parking_lot"
version = "0.11.2"
source = "registry+https://github.com/rust-lang/crates.io-index"
checksum = "7d17b78036a60663b797adeaee46f5c9dfebb86948d1255007a1d6be0271ff99"
dependencies = [
 "instant",
 "lock_api",
 "parking_lot_core",
]

[[package]]
name = "parking_lot_core"
version = "0.8.5"
source = "registry+https://github.com/rust-lang/crates.io-index"
checksum = "d76e8e1493bcac0d2766c42737f34458f1c8c50c0d23bcb24ea953affb273216"
dependencies = [
 "cfg-if",
 "instant",
 "libc",
 "redox_syscall",
 "smallvec",
 "winapi",
]

[[package]]
name = "pharos"
version = "0.5.3"
source = "registry+https://github.com/rust-lang/crates.io-index"
checksum = "e9567389417feee6ce15dd6527a8a1ecac205ef62c2932bcf3d9f6fc5b78b414"
dependencies = [
 "futures",
 "rustc_version 0.4.0",
]

[[package]]
name = "pin-project-lite"
version = "0.2.7"
source = "registry+https://github.com/rust-lang/crates.io-index"
checksum = "8d31d11c69a6b52a174b42bdc0c30e5e11670f90788b2c471c31c1d17d449443"

[[package]]
name = "pin-utils"
version = "0.1.0"
source = "registry+https://github.com/rust-lang/crates.io-index"
checksum = "8b870d8c151b6f2fb93e84a13146138f05d02ed11c7e7c54f8826aaaf7c9f184"

[[package]]
name = "proc-macro2"
version = "1.0.32"
source = "registry+https://github.com/rust-lang/crates.io-index"
checksum = "ba508cc11742c0dc5c1659771673afbab7a0efab23aa17e854cbab0837ed0b43"
dependencies = [
 "unicode-xid",
]

[[package]]
name = "quote"
version = "1.0.10"
source = "registry+https://github.com/rust-lang/crates.io-index"
checksum = "38bc8cc6a5f2e3655e0899c1b848643b2562f853f114bfec7be120678e3ace05"
dependencies = [
 "proc-macro2",
]

[[package]]
name = "redox_syscall"
version = "0.2.16"
source = "registry+https://github.com/rust-lang/crates.io-index"
checksum = "fb5a58c1855b4b6819d59012155603f0b22ad30cad752600aadfcb695265519a"
dependencies = [
 "bitflags",
]

[[package]]
name = "regex"
version = "1.5.5"
source = "registry+https://github.com/rust-lang/crates.io-index"
checksum = "1a11647b6b25ff05a515cb92c365cec08801e83423a235b51e231e1808747286"
dependencies = [
 "aho-corasick",
 "memchr",
 "regex-syntax",
]

[[package]]
name = "regex-syntax"
version = "0.6.25"
source = "registry+https://github.com/rust-lang/crates.io-index"
checksum = "f497285884f3fcff424ffc933e56d7cbca511def0c9831a7f9b5f6153e3cc89b"

[[package]]
name = "rustc_version"
version = "0.2.3"
source = "registry+https://github.com/rust-lang/crates.io-index"
checksum = "138e3e0acb6c9fb258b19b67cb8abd63c00679d2851805ea151465464fe9030a"
dependencies = [
 "semver 0.9.0",
]

[[package]]
name = "rustc_version"
version = "0.4.0"
source = "registry+https://github.com/rust-lang/crates.io-index"
checksum = "bfa0f585226d2e68097d4f95d113b15b83a82e819ab25717ec0590d9584ef366"
dependencies = [
 "semver 1.0.13",
]

[[package]]
name = "ryu"
version = "1.0.5"
source = "registry+https://github.com/rust-lang/crates.io-index"
checksum = "71d301d4193d031abdd79ff7e3dd721168a9572ef3fe51a1517aba235bd8f86e"

[[package]]
name = "scopeguard"
version = "1.1.0"
source = "registry+https://github.com/rust-lang/crates.io-index"
checksum = "d29ab0c6d3fc0ee92fe66e2d99f700eab17a8d57d1c1d3b748380fb20baa78cd"

[[package]]
name = "semver"
version = "0.9.0"
source = "registry+https://github.com/rust-lang/crates.io-index"
checksum = "1d7eb9ef2c18661902cc47e535f9bc51b78acd254da71d375c2f6720d9a40403"
dependencies = [
 "semver-parser",
]

[[package]]
name = "semver"
version = "1.0.13"
source = "registry+https://github.com/rust-lang/crates.io-index"
checksum = "93f6841e709003d68bb2deee8c343572bf446003ec20a583e76f7b15cebf3711"

[[package]]
name = "semver-parser"
version = "0.7.0"
source = "registry+https://github.com/rust-lang/crates.io-index"
checksum = "388a1df253eca08550bef6c72392cfe7c30914bf41df5269b68cbd6ff8f570a3"

[[package]]
name = "send_wrapper"
version = "0.5.0"
source = "registry+https://github.com/rust-lang/crates.io-index"
checksum = "930c0acf610d3fdb5e2ab6213019aaa04e227ebe9547b0649ba599b16d788bd7"

[[package]]
name = "serde"
version = "1.0.143"
source = "registry+https://github.com/rust-lang/crates.io-index"
checksum = "53e8e5d5b70924f74ff5c6d64d9a5acd91422117c60f48c4e07855238a254553"
dependencies = [
 "serde_derive",
]

[[package]]
name = "serde_derive"
version = "1.0.143"
source = "registry+https://github.com/rust-lang/crates.io-index"
checksum = "d3d8e8de557aee63c26b85b947f5e59b690d0454c753f3adeb5cd7835ab88391"
dependencies = [
 "proc-macro2",
 "quote",
 "syn",
]

[[package]]
name = "serde_json"
version = "1.0.68"
source = "registry+https://github.com/rust-lang/crates.io-index"
checksum = "0f690853975602e1bfe1ccbf50504d67174e3bcf340f23b5ea9992e0587a52d8"
dependencies = [
 "itoa 0.4.8",
 "ryu",
 "serde",
]

[[package]]
name = "serde_yaml"
version = "0.9.9"
source = "registry+https://github.com/rust-lang/crates.io-index"
checksum = "f50845f68d5c693aac7d72a25415ddd21cb8182c04eafe447b73af55a05f9e1b"
dependencies = [
 "indexmap",
 "itoa 1.0.3",
 "ryu",
 "serde",
 "unsafe-libyaml",
]

[[package]]
name = "slab"
version = "0.4.7"
source = "registry+https://github.com/rust-lang/crates.io-index"
checksum = "4614a76b2a8be0058caa9dbbaf66d988527d86d003c11a94fbd335d7661edcef"
dependencies = [
 "autocfg",
]

[[package]]
name = "smallvec"
version = "1.9.0"
source = "registry+https://github.com/rust-lang/crates.io-index"
checksum = "2fd0db749597d91ff862fd1d55ea87f7855a744a8425a64695b6fca237d1dad1"

[[package]]
name = "snap"
version = "1.0.5"
source = "registry+https://github.com/rust-lang/crates.io-index"
checksum = "45456094d1983e2ee2a18fdfebce3189fa451699d0502cb8e3b49dba5ba41451"

[[package]]
name = "static_assertions"
version = "1.1.0"
source = "registry+https://github.com/rust-lang/crates.io-index"
checksum = "a2eb9349b6444b326872e140eb1cf5e7c522154d69e7a0ffb0fb81c06b37543f"

[[package]]
name = "syn"
version = "1.0.94"
source = "registry+https://github.com/rust-lang/crates.io-index"
checksum = "a07e33e919ebcd69113d5be0e4d70c5707004ff45188910106854f38b960df4a"
dependencies = [
 "proc-macro2",
 "quote",
 "unicode-xid",
]

[[package]]
name = "thiserror"
version = "1.0.30"
source = "registry+https://github.com/rust-lang/crates.io-index"
checksum = "854babe52e4df1653706b98fcfc05843010039b406875930a70e4d9644e5c417"
dependencies = [
 "thiserror-impl",
]

[[package]]
name = "thiserror-impl"
version = "1.0.30"
source = "registry+https://github.com/rust-lang/crates.io-index"
checksum = "aa32fd3f627f367fe16f893e2597ae3c05020f8bba2666a4e6ea73d377e5714b"
dependencies = [
 "proc-macro2",
 "quote",
 "syn",
]

[[package]]
name = "tracing"
version = "0.1.35"
source = "registry+https://github.com/rust-lang/crates.io-index"
checksum = "a400e31aa60b9d44a52a8ee0343b5b18566b03a8321e0d321f695cf56e940160"
dependencies = [
 "cfg-if",
 "pin-project-lite",
 "tracing-attributes",
 "tracing-core",
]

[[package]]
name = "tracing-attributes"
version = "0.1.22"
source = "registry+https://github.com/rust-lang/crates.io-index"
checksum = "11c75893af559bc8e10716548bdef5cb2b983f8e637db9d0e15126b61b484ee2"
dependencies = [
 "proc-macro2",
 "quote",
 "syn",
]

[[package]]
name = "tracing-core"
version = "0.1.28"
source = "registry+https://github.com/rust-lang/crates.io-index"
checksum = "7b7358be39f2f274f322d2aaed611acc57f382e8eb1e5b48cb9ae30933495ce7"
dependencies = [
 "once_cell",
]

[[package]]
name = "twox-hash"
version = "1.6.2"
source = "registry+https://github.com/rust-lang/crates.io-index"
checksum = "4ee73e6e4924fe940354b8d4d98cad5231175d615cd855b758adc658c0aac6a0"
dependencies = [
 "cfg-if",
 "static_assertions",
]

[[package]]
name = "unicode-xid"
version = "0.2.2"
source = "registry+https://github.com/rust-lang/crates.io-index"
checksum = "8ccb82d61f80a663efe1f787a51b16b5a51e3314d6ac365b08639f52387b33f3"

[[package]]
name = "unsafe-libyaml"
version = "0.2.2"
source = "registry+https://github.com/rust-lang/crates.io-index"
checksum = "931179334a56395bcf64ba5e0ff56781381c1a5832178280c7d7f91d1679aeb0"

[[package]]
name = "wasm-bindgen"
version = "0.2.82"
source = "registry+https://github.com/rust-lang/crates.io-index"
checksum = "fc7652e3f6c4706c8d9cd54832c4a4ccb9b5336e2c3bd154d5cccfbf1c1f5f7d"
dependencies = [
 "cfg-if",
 "wasm-bindgen-macro",
]

[[package]]
name = "wasm-bindgen-backend"
version = "0.2.82"
source = "registry+https://github.com/rust-lang/crates.io-index"
checksum = "662cd44805586bd52971b9586b1df85cdbbd9112e4ef4d8f41559c334dc6ac3f"
dependencies = [
 "bumpalo",
 "log",
 "once_cell",
 "proc-macro2",
 "quote",
 "syn",
 "wasm-bindgen-shared",
]

[[package]]
name = "wasm-bindgen-futures"
version = "0.4.32"
source = "registry+https://github.com/rust-lang/crates.io-index"
checksum = "fa76fb221a1f8acddf5b54ace85912606980ad661ac7a503b4570ffd3a624dad"
dependencies = [
 "cfg-if",
 "js-sys",
 "wasm-bindgen",
 "web-sys",
]

[[package]]
name = "wasm-bindgen-macro"
version = "0.2.82"
source = "registry+https://github.com/rust-lang/crates.io-index"
checksum = "b260f13d3012071dfb1512849c033b1925038373aea48ced3012c09df952c602"
dependencies = [
 "quote",
 "wasm-bindgen-macro-support",
]

[[package]]
name = "wasm-bindgen-macro-support"
version = "0.2.82"
source = "registry+https://github.com/rust-lang/crates.io-index"
checksum = "5be8e654bdd9b79216c2929ab90721aa82faf65c48cdf08bdc4e7f51357b80da"
dependencies = [
 "proc-macro2",
 "quote",
 "syn",
 "wasm-bindgen-backend",
 "wasm-bindgen-shared",
]

[[package]]
name = "wasm-bindgen-shared"
version = "0.2.82"
source = "registry+https://github.com/rust-lang/crates.io-index"
checksum = "6598dd0bd3c7d51095ff6531a5b23e02acdc81804e30d8f07afb77b7215a140a"

[[package]]
name = "web-sys"
version = "0.3.59"
source = "registry+https://github.com/rust-lang/crates.io-index"
checksum = "ed055ab27f941423197eb86b2035720b1a3ce40504df082cac2ecc6ed73335a1"
dependencies = [
 "js-sys",
 "wasm-bindgen",
]

[[package]]
name = "winapi"
version = "0.3.9"
source = "registry+https://github.com/rust-lang/crates.io-index"
checksum = "5c839a674fcd7a98952e593242ea400abe93992746761e38641405d28b00f419"
dependencies = [
 "winapi-i686-pc-windows-gnu",
 "winapi-x86_64-pc-windows-gnu",
]

[[package]]
name = "winapi-i686-pc-windows-gnu"
version = "0.4.0"
source = "registry+https://github.com/rust-lang/crates.io-index"
checksum = "ac3b87c63620426dd9b991e5ce0329eff545bccbbb34f3be09ff6fb6ab51b7b6"

[[package]]
name = "winapi-x86_64-pc-windows-gnu"
version = "0.4.0"
source = "registry+https://github.com/rust-lang/crates.io-index"
checksum = "712e227841d057c1ee1cd2fb22fa7e5a5461ae8e48fa2ca79ec42cfc1931183f"

[[package]]
name = "ws_stream_wasm"
version = "0.7.3"
source = "registry+https://github.com/rust-lang/crates.io-index"
checksum = "47ca1ab42f5afed7fc332b22b6e932ca5414b209465412c8cdf0ad23bc0de645"
dependencies = [
 "async_io_stream",
 "futures",
 "js-sys",
 "pharos",
 "rustc_version 0.4.0",
 "send_wrapper",
 "thiserror",
 "wasm-bindgen",
 "wasm-bindgen-futures",
 "web-sys",
]
