# This file is automatically @generated by Cargo.
# It is not intended for manual editing.
version = 3

[[package]]
name = "adler"
version = "1.0.2"
source = "registry+https://github.com/rust-lang/crates.io-index"
checksum = "f26201604c87b1e01bd3d98f8d5d9a8fcbb815e8cedb41ffccbeb4bf593a35fe"

[[package]]
name = "aho-corasick"
version = "0.7.20"
source = "registry+https://github.com/rust-lang/crates.io-index"
checksum = "cc936419f96fa211c1b9166887b38e5e40b19958e5b895be7c1f93adec7071ac"
dependencies = [
 "memchr",
]

[[package]]
name = "async_io_stream"
version = "0.3.3"
source = "registry+https://github.com/rust-lang/crates.io-index"
checksum = "b6d7b9decdf35d8908a7e3ef02f64c5e9b1695e230154c0e8de3969142d9b94c"
dependencies = [
 "futures",
 "pharos",
 "rustc_version",
]

[[package]]
name = "autocfg"
version = "1.1.0"
source = "registry+https://github.com/rust-lang/crates.io-index"
checksum = "d468802bab17cbc0cc575e9b053f41e72aa36bfa6b7f55e3529ffa43161b97fa"

[[package]]
name = "bitflags"
version = "1.3.2"
source = "registry+https://github.com/rust-lang/crates.io-index"
checksum = "bef38d45163c2f1dde094a7dfd33ccf595c92905c8f8f4fdc18d06fb1037718a"

[[package]]
name = "bumpalo"
version = "3.12.0"
source = "registry+https://github.com/rust-lang/crates.io-index"
checksum = "0d261e256854913907f67ed06efbc3338dfe6179796deefc1ff763fc1aee5535"

[[package]]
name = "bytes"
version = "1.4.0"
source = "registry+https://github.com/rust-lang/crates.io-index"
checksum = "89b2fd2a0dcf38d7971e2194b6b6eebab45ae01067456a7fd93d5547a61b70be"

[[package]]
name = "cfg-if"
version = "1.0.0"
source = "registry+https://github.com/rust-lang/crates.io-index"
checksum = "baf1de4339761588bc0619e3cbc0120ee582ebb74b53b4efbf79117bd2da40fd"

[[package]]
name = "content_inspector"
version = "0.2.4"
source = "registry+https://github.com/rust-lang/crates.io-index"
checksum = "b7bda66e858c683005a53a9a60c69a4aca7eeaa45d124526e389f7aec8e62f38"
dependencies = [
 "memchr",
]

[[package]]
name = "crc32c"
version = "0.6.3"
source = "registry+https://github.com/rust-lang/crates.io-index"
checksum = "3dfea2db42e9927a3845fb268a10a72faed6d416065f77873f05e411457c363e"
dependencies = [
 "rustc_version",
]

[[package]]
name = "crc32fast"
version = "1.3.2"
source = "registry+https://github.com/rust-lang/crates.io-index"
checksum = "b540bd8bc810d3885c6ea91e2018302f68baba2129ab3e88f32389ee9370880d"
dependencies = [
 "cfg-if",
]

[[package]]
name = "eyre"
version = "0.6.8"
source = "registry+https://github.com/rust-lang/crates.io-index"
checksum = "4c2b6b5a29c02cdc822728b7d7b8ae1bab3e3b05d44522770ddd49722eeac7eb"
dependencies = [
 "indenter",
 "once_cell",
]

[[package]]
name = "flate2"
version = "1.0.25"
source = "registry+https://github.com/rust-lang/crates.io-index"
checksum = "a8a2db397cb1c8772f31494cb8917e48cd1e64f0fa7efac59fbd741a0a8ce841"
dependencies = [
 "crc32fast",
 "miniz_oxide",
]

[[package]]
name = "fluvio-compression"
version = "0.2.2"
source = "registry+https://github.com/rust-lang/crates.io-index"
checksum = "f8ead600192f394149b3da7638a960f8d0826ed8a871ea9714ccadcd9bf92910"
dependencies = [
 "bytes",
 "flate2",
 "lz4_flex 0.9.5",
 "serde",
 "snap",
 "thiserror",
]

[[package]]
name = "fluvio-compression"
version = "0.2.3"
dependencies = [
 "bytes",
 "flate2",
 "lz4_flex 0.10.0",
 "serde",
 "snap",
 "thiserror",
]

[[package]]
name = "fluvio-dataplane-protocol"
version = "0.11.6"
source = "registry+https://github.com/rust-lang/crates.io-index"
checksum = "a691755125a8211290191dc46f6a2c07898d891c00c4e09ebbad735908afa35a"
dependencies = [
 "bytes",
 "cfg-if",
 "content_inspector",
 "crc32c",
 "eyre",
 "fluvio-compression 0.2.2",
 "fluvio-future",
 "fluvio-protocol 0.7.9",
 "fluvio-types 0.3.9",
 "flv-util",
 "futures-util",
 "once_cell",
 "semver",
 "thiserror",
 "tracing",
]

[[package]]
name = "fluvio-future"
version = "0.4.5"
source = "registry+https://github.com/rust-lang/crates.io-index"
checksum = "37174044230084d1cfd7c02f194c5ec127bb8bc17c76f0cd74e943f2fe86ec34"
dependencies = [
 "fluvio-wasm-timer",
 "log",
 "thiserror",
 "tracing",
 "ws_stream_wasm",
]

[[package]]
name = "fluvio-protocol"
version = "0.7.9"
source = "registry+https://github.com/rust-lang/crates.io-index"
checksum = "6a5fa561c1628d40bdde2fbde33cb1ce4597386a3f943b45b09703bc3534cf2d"
dependencies = [
 "bytes",
 "fluvio-protocol-derive 0.4.4",
 "tracing",
]

[[package]]
name = "fluvio-protocol"
version = "0.8.4"
dependencies = [
 "bytes",
 "content_inspector",
 "crc32c",
 "eyre",
 "fluvio-compression 0.2.3",
 "fluvio-protocol-derive 0.4.5",
 "fluvio-types 0.4.1",
 "flv-util",
 "once_cell",
 "semver",
 "thiserror",
 "tracing",
]

[[package]]
name = "fluvio-protocol-derive"
version = "0.4.4"
source = "registry+https://github.com/rust-lang/crates.io-index"
checksum = "5be1a3fafae877a328607b0f14df6c1a5f05eab778f2b7dfdf14635991f3eeec"
dependencies = [
 "proc-macro2",
 "quote",
 "syn",
 "tracing",
]

[[package]]
name = "fluvio-protocol-derive"
version = "0.4.5"
dependencies = [
 "proc-macro2",
 "quote",
 "syn",
 "tracing",
]

[[package]]
name = "fluvio-smartmodule"
version = "0.2.5"
source = "registry+https://github.com/rust-lang/crates.io-index"
checksum = "1ef31561078a389034e04bbeae58cd4cac64282bd7e75c8195422fba4fe68b53"
dependencies = [
 "eyre",
 "fluvio-dataplane-protocol",
 "fluvio-smartmodule-derive 0.2.1",
]

[[package]]
name = "fluvio-smartmodule"
version = "0.3.1"
dependencies = [
 "eyre",
 "fluvio-protocol 0.8.4",
 "fluvio-smartmodule-derive 0.4.0",
 "thiserror",
 "tracing",
]

[[package]]
name = "fluvio-smartmodule-aggregate"
version = "0.0.0"
dependencies = [
 "fluvio-smartmodule 0.3.1",
]

[[package]]
name = "fluvio-smartmodule-array-map-array"
version = "0.0.0"
dependencies = [
 "fluvio-smartmodule 0.3.1",
 "serde_json",
]

[[package]]
name = "fluvio-smartmodule-array-map-object"
version = "0.0.0"
dependencies = [
 "fluvio-smartmodule 0.3.1",
 "serde_json",
]

[[package]]
name = "fluvio-smartmodule-derive"
version = "0.2.1"
source = "registry+https://github.com/rust-lang/crates.io-index"
checksum = "16a97199cab326dcc210e8c771c8b99bfbd32ddb0e5ce1bfe54e303b8c3d3955"
dependencies = [
 "proc-macro2",
 "quote",
 "syn",
]

[[package]]
name = "fluvio-smartmodule-derive"
version = "0.4.0"
dependencies = [
 "proc-macro2",
 "quote",
 "syn",
]

[[package]]
name = "fluvio-smartmodule-filter"
version = "0.0.0"
dependencies = [
 "fluvio-smartmodule 0.3.1",
]

[[package]]
name = "fluvio-smartmodule-filter-init"
version = "0.0.0"
dependencies = [
 "fluvio-smartmodule 0.3.1",
 "once_cell",
]

[[package]]
name = "fluvio-smartmodule-filter-map"
version = "0.0.0"
dependencies = [
 "fluvio-smartmodule 0.3.1",
]

[[package]]
name = "fluvio-smartmodule-filter-param"
version = "0.0.0"
dependencies = [
 "fluvio-smartmodule 0.3.1",
 "once_cell",
]

[[package]]
name = "fluvio-smartmodule-map"
version = "0.0.0"
dependencies = [
 "fluvio-smartmodule 0.3.1",
]

[[package]]
name = "fluvio-types"
version = "0.3.9"
source = "registry+https://github.com/rust-lang/crates.io-index"
checksum = "03781d3cadb56c6c56c8539b07961902fa75dd13602efc3b174ea086060255ea"
dependencies = [
 "thiserror",
 "tracing",
]

[[package]]
name = "fluvio-types"
version = "0.4.1"
dependencies = [
 "thiserror",
 "tracing",
]

[[package]]
name = "fluvio-wasm-aggregate-average"
version = "0.0.0"
dependencies = [
 "fluvio-smartmodule 0.3.1",
 "serde",
 "serde_json",
]

[[package]]
name = "fluvio-wasm-aggregate-json"
version = "0.0.0"
dependencies = [
 "fluvio-smartmodule 0.3.1",
 "serde",
 "serde_json",
]

[[package]]
name = "fluvio-wasm-aggregate-sum"
version = "0.0.0"
dependencies = [
 "fluvio-smartmodule 0.3.1",
]

[[package]]
name = "fluvio-wasm-array-map-reddit"
version = "0.0.0"
dependencies = [
 "fluvio-smartmodule 0.3.1",
 "serde",
 "serde_json",
]

[[package]]
name = "fluvio-wasm-filter-json"
version = "0.0.0"
dependencies = [
 "fluvio-smartmodule 0.3.1",
 "serde",
 "serde_json",
]

[[package]]
name = "fluvio-wasm-filter-odd"
version = "0.0.0"
dependencies = [
 "fluvio-smartmodule 0.3.1",
 "thiserror",
]

[[package]]
name = "fluvio-wasm-filter-regex"
version = "0.0.0"
dependencies = [
 "fluvio-smartmodule 0.3.1",
 "regex",
]

[[package]]
name = "fluvio-wasm-filter-with-parameters-v1"
version = "0.0.0"
dependencies = [
 "fluvio-smartmodule 0.2.5",
]

[[package]]
name = "fluvio-wasm-map-double"
version = "0.0.0"
dependencies = [
 "fluvio-smartmodule 0.3.1",
]

[[package]]
name = "fluvio-wasm-map-json"
version = "0.0.0"
dependencies = [
 "fluvio-smartmodule 0.3.1",
 "serde",
 "serde_json",
 "serde_yaml",
]

[[package]]
name = "fluvio-wasm-map-regex"
version = "0.0.0"
dependencies = [
 "fluvio-smartmodule 0.3.1",
 "once_cell",
 "regex",
]

[[package]]
name = "fluvio-wasm-timer"
version = "0.2.5"
source = "registry+https://github.com/rust-lang/crates.io-index"
checksum = "b768c170dc045fa587a8f948c91f9bcfb87f774930477c6215addf54317f137f"
dependencies = [
 "futures",
 "js-sys",
 "parking_lot",
 "pin-utils",
 "wasm-bindgen",
 "wasm-bindgen-futures",
 "web-sys",
]

[[package]]
name = "flv-util"
version = "0.5.2"
source = "registry+https://github.com/rust-lang/crates.io-index"
checksum = "de89447c8b4aecfa4c0614d1a7be1c6ab4a0266b59bb2713fd746901f28d124e"
dependencies = [
 "log",
 "tracing",
]

[[package]]
name = "futures"
version = "0.3.26"
source = "registry+https://github.com/rust-lang/crates.io-index"
checksum = "13e2792b0ff0340399d58445b88fd9770e3489eff258a4cbc1523418f12abf84"
dependencies = [
 "futures-channel",
 "futures-core",
 "futures-executor",
 "futures-io",
 "futures-sink",
 "futures-task",
 "futures-util",
]

[[package]]
name = "futures-channel"
version = "0.3.26"
source = "registry+https://github.com/rust-lang/crates.io-index"
checksum = "2e5317663a9089767a1ec00a487df42e0ca174b61b4483213ac24448e4664df5"
dependencies = [
 "futures-core",
 "futures-sink",
]

[[package]]
name = "futures-core"
version = "0.3.26"
source = "registry+https://github.com/rust-lang/crates.io-index"
checksum = "ec90ff4d0fe1f57d600049061dc6bb68ed03c7d2fbd697274c41805dcb3f8608"

[[package]]
name = "futures-executor"
version = "0.3.26"
source = "registry+https://github.com/rust-lang/crates.io-index"
checksum = "e8de0a35a6ab97ec8869e32a2473f4b1324459e14c29275d14b10cb1fd19b50e"
dependencies = [
 "futures-core",
 "futures-task",
 "futures-util",
]

[[package]]
name = "futures-io"
version = "0.3.26"
source = "registry+https://github.com/rust-lang/crates.io-index"
checksum = "bfb8371b6fb2aeb2d280374607aeabfc99d95c72edfe51692e42d3d7f0d08531"

[[package]]
name = "futures-macro"
version = "0.3.26"
source = "registry+https://github.com/rust-lang/crates.io-index"
checksum = "95a73af87da33b5acf53acfebdc339fe592ecf5357ac7c0a7734ab9d8c876a70"
dependencies = [
 "proc-macro2",
 "quote",
 "syn",
]

[[package]]
name = "futures-sink"
version = "0.3.26"
source = "registry+https://github.com/rust-lang/crates.io-index"
checksum = "f310820bb3e8cfd46c80db4d7fb8353e15dfff853a127158425f31e0be6c8364"

[[package]]
name = "futures-task"
version = "0.3.26"
source = "registry+https://github.com/rust-lang/crates.io-index"
checksum = "dcf79a1bf610b10f42aea489289c5a2c478a786509693b80cd39c44ccd936366"

[[package]]
name = "futures-util"
version = "0.3.26"
source = "registry+https://github.com/rust-lang/crates.io-index"
checksum = "9c1d6de3acfef38d2be4b1f543f553131788603495be83da675e180c8d6b7bd1"
dependencies = [
 "futures-channel",
 "futures-core",
 "futures-io",
 "futures-macro",
 "futures-sink",
 "futures-task",
 "memchr",
 "pin-project-lite",
 "pin-utils",
 "slab",
]

[[package]]
name = "hashbrown"
version = "0.12.3"
source = "registry+https://github.com/rust-lang/crates.io-index"
checksum = "8a9ee70c43aaf417c914396645a0fa852624801b24ebb7ae78fe8272889ac888"

[[package]]
name = "indenter"
version = "0.3.3"
source = "registry+https://github.com/rust-lang/crates.io-index"
checksum = "ce23b50ad8242c51a442f3ff322d56b02f08852c77e4c0b4d3fd684abc89c683"

[[package]]
name = "indexmap"
version = "1.9.2"
source = "registry+https://github.com/rust-lang/crates.io-index"
checksum = "1885e79c1fc4b10f0e172c475f458b7f7b93061064d98c3293e98c5ba0c8b399"
dependencies = [
 "autocfg",
 "hashbrown",
]

[[package]]
name = "instant"
version = "0.1.12"
source = "registry+https://github.com/rust-lang/crates.io-index"
checksum = "7a5bbe824c507c5da5956355e86a746d82e0e1464f65d862cc5e71da70e94b2c"
dependencies = [
 "cfg-if",
 "js-sys",
 "wasm-bindgen",
 "web-sys",
]

[[package]]
name = "itoa"
version = "1.0.5"
source = "registry+https://github.com/rust-lang/crates.io-index"
checksum = "fad582f4b9e86b6caa621cabeb0963332d92eea04729ab12892c2533951e6440"

[[package]]
name = "js-sys"
version = "0.3.61"
source = "registry+https://github.com/rust-lang/crates.io-index"
checksum = "445dde2150c55e483f3d8416706b97ec8e8237c307e5b7b4b8dd15e6af2a0730"
dependencies = [
 "wasm-bindgen",
]

[[package]]
name = "libc"
version = "0.2.139"
source = "registry+https://github.com/rust-lang/crates.io-index"
checksum = "201de327520df007757c1f0adce6e827fe8562fbc28bfd9c15571c66ca1f5f79"

[[package]]
name = "lock_api"
version = "0.4.9"
source = "registry+https://github.com/rust-lang/crates.io-index"
checksum = "435011366fe56583b16cf956f9df0095b405b82d76425bc8981c0e22e60ec4df"
dependencies = [
 "autocfg",
 "scopeguard",
]

[[package]]
name = "log"
version = "0.4.17"
source = "registry+https://github.com/rust-lang/crates.io-index"
checksum = "abb12e687cfb44aa40f41fc3978ef76448f9b6038cad6aef4259d3c095a2382e"
dependencies = [
 "cfg-if",
]

[[package]]
name = "lz4_flex"
version = "0.9.5"
source = "registry+https://github.com/rust-lang/crates.io-index"
checksum = "1a8cbbb2831780bc3b9c15a41f5b49222ef756b6730a95f3decfdd15903eb5a3"
dependencies = [
 "twox-hash",
]

[[package]]
name = "lz4_flex"
version = "0.10.0"
source = "registry+https://github.com/rust-lang/crates.io-index"
checksum = "8b8c72594ac26bfd34f2d99dfced2edfaddfe8a476e3ff2ca0eb293d925c4f83"
dependencies = [
 "twox-hash",
]

[[package]]
name = "memchr"
version = "2.5.0"
source = "registry+https://github.com/rust-lang/crates.io-index"
checksum = "2dffe52ecf27772e601905b7522cb4ef790d2cc203488bbd0e2fe85fcb74566d"

[[package]]
name = "miniz_oxide"
version = "0.6.2"
source = "registry+https://github.com/rust-lang/crates.io-index"
checksum = "b275950c28b37e794e8c55d88aeb5e139d0ce23fdbbeda68f8d7174abdf9e8fa"
dependencies = [
 "adler",
]

[[package]]
name = "once_cell"
version = "1.17.1"
source = "registry+https://github.com/rust-lang/crates.io-index"
checksum = "b7e5500299e16ebb147ae15a00a942af264cf3688f47923b8fc2cd5858f23ad3"

[[package]]
name = "parking_lot"
version = "0.11.2"
source = "registry+https://github.com/rust-lang/crates.io-index"
checksum = "7d17b78036a60663b797adeaee46f5c9dfebb86948d1255007a1d6be0271ff99"
dependencies = [
 "instant",
 "lock_api",
 "parking_lot_core",
]

[[package]]
name = "parking_lot_core"
version = "0.8.6"
source = "registry+https://github.com/rust-lang/crates.io-index"
checksum = "60a2cfe6f0ad2bfc16aefa463b497d5c7a5ecd44a23efa72aa342d90177356dc"
dependencies = [
 "cfg-if",
 "instant",
 "libc",
 "redox_syscall",
 "smallvec",
 "winapi",
]

[[package]]
name = "pharos"
version = "0.5.3"
source = "registry+https://github.com/rust-lang/crates.io-index"
checksum = "e9567389417feee6ce15dd6527a8a1ecac205ef62c2932bcf3d9f6fc5b78b414"
dependencies = [
 "futures",
 "rustc_version",
]

[[package]]
name = "pin-project-lite"
version = "0.2.9"
source = "registry+https://github.com/rust-lang/crates.io-index"
checksum = "e0a7ae3ac2f1173085d398531c705756c94a4c56843785df85a60c1a0afac116"

[[package]]
name = "pin-utils"
version = "0.1.0"
source = "registry+https://github.com/rust-lang/crates.io-index"
checksum = "8b870d8c151b6f2fb93e84a13146138f05d02ed11c7e7c54f8826aaaf7c9f184"

[[package]]
name = "proc-macro2"
version = "1.0.51"
source = "registry+https://github.com/rust-lang/crates.io-index"
checksum = "5d727cae5b39d21da60fa540906919ad737832fe0b1c165da3a34d6548c849d6"
dependencies = [
 "unicode-ident",
]

[[package]]
name = "quote"
version = "1.0.23"
source = "registry+https://github.com/rust-lang/crates.io-index"
checksum = "8856d8364d252a14d474036ea1358d63c9e6965c8e5c1885c18f73d70bff9c7b"
dependencies = [
 "proc-macro2",
]

[[package]]
name = "redox_syscall"
version = "0.2.16"
source = "registry+https://github.com/rust-lang/crates.io-index"
checksum = "fb5a58c1855b4b6819d59012155603f0b22ad30cad752600aadfcb695265519a"
dependencies = [
 "bitflags",
]

[[package]]
name = "regex"
version = "1.7.1"
source = "registry+https://github.com/rust-lang/crates.io-index"
checksum = "48aaa5748ba571fb95cd2c85c09f629215d3a6ece942baa100950af03a34f733"
dependencies = [
 "aho-corasick",
 "memchr",
 "regex-syntax",
]

[[package]]
name = "regex-syntax"
version = "0.6.28"
source = "registry+https://github.com/rust-lang/crates.io-index"
checksum = "456c603be3e8d448b072f410900c09faf164fbce2d480456f50eea6e25f9c848"

[[package]]
name = "rustc_version"
version = "0.4.0"
source = "registry+https://github.com/rust-lang/crates.io-index"
checksum = "bfa0f585226d2e68097d4f95d113b15b83a82e819ab25717ec0590d9584ef366"
dependencies = [
 "semver",
]

[[package]]
name = "ryu"
version = "1.0.12"
source = "registry+https://github.com/rust-lang/crates.io-index"
checksum = "7b4b9743ed687d4b4bcedf9ff5eaa7398495ae14e61cba0a295704edbc7decde"

[[package]]
name = "scopeguard"
version = "1.1.0"
source = "registry+https://github.com/rust-lang/crates.io-index"
checksum = "d29ab0c6d3fc0ee92fe66e2d99f700eab17a8d57d1c1d3b748380fb20baa78cd"

[[package]]
name = "semver"
version = "1.0.16"
source = "registry+https://github.com/rust-lang/crates.io-index"
checksum = "58bc9567378fc7690d6b2addae4e60ac2eeea07becb2c64b9f218b53865cba2a"

[[package]]
name = "send_wrapper"
version = "0.6.0"
source = "registry+https://github.com/rust-lang/crates.io-index"
checksum = "cd0b0ec5f1c1ca621c432a25813d8d60c88abe6d3e08a3eb9cf37d97a0fe3d73"

[[package]]
name = "serde"
version = "1.0.152"
source = "registry+https://github.com/rust-lang/crates.io-index"
checksum = "bb7d1f0d3021d347a83e556fc4683dea2ea09d87bccdf88ff5c12545d89d5efb"
dependencies = [
 "serde_derive",
]

[[package]]
name = "serde_derive"
version = "1.0.152"
source = "registry+https://github.com/rust-lang/crates.io-index"
checksum = "af487d118eecd09402d70a5d72551860e788df87b464af30e5ea6a38c75c541e"
dependencies = [
 "proc-macro2",
 "quote",
 "syn",
]

[[package]]
name = "serde_json"
version = "1.0.93"
source = "registry+https://github.com/rust-lang/crates.io-index"
checksum = "cad406b69c91885b5107daf2c29572f6c8cdb3c66826821e286c533490c0bc76"
dependencies = [
 "itoa",
 "ryu",
 "serde",
]

[[package]]
name = "serde_yaml"
version = "0.9.17"
source = "registry+https://github.com/rust-lang/crates.io-index"
checksum = "8fb06d4b6cdaef0e0c51fa881acb721bed3c924cfaa71d9c94a3b771dfdf6567"
dependencies = [
 "indexmap",
 "itoa",
 "ryu",
 "serde",
 "unsafe-libyaml",
]

[[package]]
name = "slab"
version = "0.4.8"
source = "registry+https://github.com/rust-lang/crates.io-index"
checksum = "6528351c9bc8ab22353f9d776db39a20288e8d6c37ef8cfe3317cf875eecfc2d"
dependencies = [
 "autocfg",
]

[[package]]
name = "smallvec"
version = "1.10.0"
source = "registry+https://github.com/rust-lang/crates.io-index"
checksum = "a507befe795404456341dfab10cef66ead4c041f62b8b11bbb92bffe5d0953e0"

[[package]]
name = "snap"
version = "1.1.0"
source = "registry+https://github.com/rust-lang/crates.io-index"
checksum = "5e9f0ab6ef7eb7353d9119c170a436d1bf248eea575ac42d19d12f4e34130831"

[[package]]
name = "static_assertions"
version = "1.1.0"
source = "registry+https://github.com/rust-lang/crates.io-index"
checksum = "a2eb9349b6444b326872e140eb1cf5e7c522154d69e7a0ffb0fb81c06b37543f"

[[package]]
name = "syn"
version = "1.0.109"
source = "registry+https://github.com/rust-lang/crates.io-index"
checksum = "72b64191b275b66ffe2469e8af2c1cfe3bafa67b529ead792a6d0160888b4237"
dependencies = [
 "proc-macro2",
 "quote",
 "unicode-ident",
]

[[package]]
name = "thiserror"
version = "1.0.38"
source = "registry+https://github.com/rust-lang/crates.io-index"
checksum = "6a9cd18aa97d5c45c6603caea1da6628790b37f7a34b6ca89522331c5180fed0"
dependencies = [
 "thiserror-impl",
]

[[package]]
name = "thiserror-impl"
version = "1.0.38"
source = "registry+https://github.com/rust-lang/crates.io-index"
checksum = "1fb327af4685e4d03fa8cbcf1716380da910eeb2bb8be417e7f9fd3fb164f36f"
dependencies = [
 "proc-macro2",
 "quote",
 "syn",
]

[[package]]
name = "tracing"
version = "0.1.37"
source = "registry+https://github.com/rust-lang/crates.io-index"
checksum = "8ce8c33a8d48bd45d624a6e523445fd21ec13d3653cd51f681abf67418f54eb8"
dependencies = [
 "cfg-if",
 "pin-project-lite",
 "tracing-attributes",
 "tracing-core",
]

[[package]]
name = "tracing-attributes"
version = "0.1.23"
source = "registry+https://github.com/rust-lang/crates.io-index"
checksum = "4017f8f45139870ca7e672686113917c71c7a6e02d4924eda67186083c03081a"
dependencies = [
 "proc-macro2",
 "quote",
 "syn",
]

[[package]]
name = "tracing-core"
version = "0.1.30"
source = "registry+https://github.com/rust-lang/crates.io-index"
checksum = "24eb03ba0eab1fd845050058ce5e616558e8f8d8fca633e6b163fe25c797213a"
dependencies = [
 "once_cell",
]

[[package]]
name = "twox-hash"
version = "1.6.3"
source = "registry+https://github.com/rust-lang/crates.io-index"
checksum = "97fee6b57c6a41524a810daee9286c02d7752c4253064d0b05472833a438f675"
dependencies = [
 "cfg-if",
 "static_assertions",
]

[[package]]
name = "unicode-ident"
version = "1.0.6"
source = "registry+https://github.com/rust-lang/crates.io-index"
checksum = "84a22b9f218b40614adcb3f4ff08b703773ad44fa9423e4e0d346d5db86e4ebc"

[[package]]
name = "unsafe-libyaml"
version = "0.2.5"
source = "registry+https://github.com/rust-lang/crates.io-index"
checksum = "bc7ed8ba44ca06be78ea1ad2c3682a43349126c8818054231ee6f4748012aed2"

[[package]]
name = "wasm-bindgen"
version = "0.2.84"
source = "registry+https://github.com/rust-lang/crates.io-index"
checksum = "31f8dcbc21f30d9b8f2ea926ecb58f6b91192c17e9d33594b3df58b2007ca53b"
dependencies = [
 "cfg-if",
 "wasm-bindgen-macro",
]

[[package]]
name = "wasm-bindgen-backend"
version = "0.2.84"
source = "registry+https://github.com/rust-lang/crates.io-index"
checksum = "95ce90fd5bcc06af55a641a86428ee4229e44e07033963a2290a8e241607ccb9"
dependencies = [
 "bumpalo",
 "log",
 "once_cell",
 "proc-macro2",
 "quote",
 "syn",
 "wasm-bindgen-shared",
]

[[package]]
name = "wasm-bindgen-futures"
version = "0.4.34"
source = "registry+https://github.com/rust-lang/crates.io-index"
checksum = "f219e0d211ba40266969f6dbdd90636da12f75bee4fc9d6c23d1260dadb51454"
dependencies = [
 "cfg-if",
 "js-sys",
 "wasm-bindgen",
 "web-sys",
]

[[package]]
name = "wasm-bindgen-macro"
version = "0.2.84"
source = "registry+https://github.com/rust-lang/crates.io-index"
checksum = "4c21f77c0bedc37fd5dc21f897894a5ca01e7bb159884559461862ae90c0b4c5"
dependencies = [
 "quote",
 "wasm-bindgen-macro-support",
]

[[package]]
name = "wasm-bindgen-macro-support"
version = "0.2.84"
source = "registry+https://github.com/rust-lang/crates.io-index"
checksum = "2aff81306fcac3c7515ad4e177f521b5c9a15f2b08f4e32d823066102f35a5f6"
dependencies = [
 "proc-macro2",
 "quote",
 "syn",
 "wasm-bindgen-backend",
 "wasm-bindgen-shared",
]

[[package]]
name = "wasm-bindgen-shared"
version = "0.2.84"
source = "registry+https://github.com/rust-lang/crates.io-index"
checksum = "0046fef7e28c3804e5e38bfa31ea2a0f73905319b677e57ebe37e49358989b5d"

[[package]]
name = "web-sys"
version = "0.3.61"
source = "registry+https://github.com/rust-lang/crates.io-index"
checksum = "e33b99f4b23ba3eec1a53ac264e35a755f00e966e0065077d6027c0f575b0b97"
dependencies = [
 "js-sys",
 "wasm-bindgen",
]

[[package]]
name = "winapi"
version = "0.3.9"
source = "registry+https://github.com/rust-lang/crates.io-index"
checksum = "5c839a674fcd7a98952e593242ea400abe93992746761e38641405d28b00f419"
dependencies = [
 "winapi-i686-pc-windows-gnu",
 "winapi-x86_64-pc-windows-gnu",
]

[[package]]
name = "winapi-i686-pc-windows-gnu"
version = "0.4.0"
source = "registry+https://github.com/rust-lang/crates.io-index"
checksum = "ac3b87c63620426dd9b991e5ce0329eff545bccbbb34f3be09ff6fb6ab51b7b6"

[[package]]
name = "winapi-x86_64-pc-windows-gnu"
version = "0.4.0"
source = "registry+https://github.com/rust-lang/crates.io-index"
checksum = "712e227841d057c1ee1cd2fb22fa7e5a5461ae8e48fa2ca79ec42cfc1931183f"

[[package]]
name = "ws_stream_wasm"
version = "0.7.4"
source = "registry+https://github.com/rust-lang/crates.io-index"
checksum = "7999f5f4217fe3818726b66257a4475f71e74ffd190776ad053fa159e50737f5"
dependencies = [
 "async_io_stream",
 "futures",
 "js-sys",
 "log",
 "pharos",
 "rustc_version",
 "send_wrapper",
 "thiserror",
 "wasm-bindgen",
 "wasm-bindgen-futures",
 "web-sys",
]
