# This file is automatically @generated by Cargo.
# It is not intended for manual editing.
version = 4

[[package]]
name = "adler"
version = "1.0.2"
source = "registry+https://github.com/rust-lang/crates.io-index"
checksum = "f26201604c87b1e01bd3d98f8d5d9a8fcbb815e8cedb41ffccbeb4bf593a35fe"

[[package]]
name = "aho-corasick"
version = "1.0.1"
source = "registry+https://github.com/rust-lang/crates.io-index"
checksum = "67fc08ce920c31afb70f013dcce1bfc3a3195de6a228474e45e1f145b36f8d04"
dependencies = [
 "memchr",
]

[[package]]
name = "android-tzdata"
version = "0.1.1"
source = "registry+https://github.com/rust-lang/crates.io-index"
checksum = "e999941b234f3131b00bc13c22d06e8c5ff726d1b6318ac7eb276997bbb4fef0"

[[package]]
name = "async_io_stream"
version = "0.3.3"
source = "registry+https://github.com/rust-lang/crates.io-index"
checksum = "b6d7b9decdf35d8908a7e3ef02f64c5e9b1695e230154c0e8de3969142d9b94c"
dependencies = [
 "futures",
 "pharos",
 "rustc_version",
]

[[package]]
name = "autocfg"
version = "1.1.0"
source = "registry+https://github.com/rust-lang/crates.io-index"
checksum = "d468802bab17cbc0cc575e9b053f41e72aa36bfa6b7f55e3529ffa43161b97fa"

[[package]]
name = "bitflags"
version = "1.3.2"
source = "registry+https://github.com/rust-lang/crates.io-index"
checksum = "bef38d45163c2f1dde094a7dfd33ccf595c92905c8f8f4fdc18d06fb1037718a"

[[package]]
name = "bumpalo"
version = "3.12.1"
source = "registry+https://github.com/rust-lang/crates.io-index"
checksum = "9b1ce199063694f33ffb7dd4e0ee620741495c32833cde5aa08f02a0bf96f0c8"

[[package]]
name = "bytes"
version = "1.9.0"
source = "registry+https://github.com/rust-lang/crates.io-index"
checksum = "325918d6fe32f23b19878fe4b34794ae41fc19ddbe53b10571a4874d44ffd39b"

[[package]]
name = "cfg-if"
version = "1.0.0"
source = "registry+https://github.com/rust-lang/crates.io-index"
checksum = "baf1de4339761588bc0619e3cbc0120ee582ebb74b53b4efbf79117bd2da40fd"

[[package]]
name = "chrono"
version = "0.4.26"
source = "registry+https://github.com/rust-lang/crates.io-index"
checksum = "ec837a71355b28f6556dbd569b37b3f363091c0bd4b2e735674521b4c5fd9bc5"
dependencies = [
 "android-tzdata",
 "num-traits",
]

[[package]]
name = "content_inspector"
version = "0.2.4"
source = "registry+https://github.com/rust-lang/crates.io-index"
checksum = "b7bda66e858c683005a53a9a60c69a4aca7eeaa45d124526e389f7aec8e62f38"
dependencies = [
 "memchr",
]

[[package]]
name = "crc32c"
version = "0.6.3"
source = "registry+https://github.com/rust-lang/crates.io-index"
checksum = "3dfea2db42e9927a3845fb268a10a72faed6d416065f77873f05e411457c363e"
dependencies = [
 "rustc_version",
]

[[package]]
name = "crc32fast"
version = "1.3.2"
source = "registry+https://github.com/rust-lang/crates.io-index"
checksum = "b540bd8bc810d3885c6ea91e2018302f68baba2129ab3e88f32389ee9370880d"
dependencies = [
 "cfg-if",
]

[[package]]
name = "equivalent"
version = "1.0.1"
source = "registry+https://github.com/rust-lang/crates.io-index"
checksum = "5443807d6dff69373d433ab9ef5378ad8df50ca6298caf15de6e52e24aaf54d5"

[[package]]
name = "eyre"
version = "0.6.8"
source = "registry+https://github.com/rust-lang/crates.io-index"
checksum = "4c2b6b5a29c02cdc822728b7d7b8ae1bab3e3b05d44522770ddd49722eeac7eb"
dependencies = [
 "indenter",
 "once_cell",
]

[[package]]
name = "flate2"
version = "1.0.25"
source = "registry+https://github.com/rust-lang/crates.io-index"
checksum = "a8a2db397cb1c8772f31494cb8917e48cd1e64f0fa7efac59fbd741a0a8ce841"
dependencies = [
 "crc32fast",
 "miniz_oxide",
]

[[package]]
name = "fluvio-compression"
version = "0.2.4"
source = "registry+https://github.com/rust-lang/crates.io-index"
checksum = "37ba05160af33e9086cb390efc5e3d27ac0215a98c9c8540c73cee5a4ea22965"
dependencies = [
 "bytes",
 "flate2",
 "lz4_flex",
 "serde",
 "snap",
 "thiserror",
]

[[package]]
name = "fluvio-compression"
version = "0.3.4"
dependencies = [
 "bytes",
 "fluvio-types 0.5.2",
 "serde",
 "thiserror",
]

[[package]]
name = "fluvio-dataplane-protocol"
version = "0.11.6"
source = "registry+https://github.com/rust-lang/crates.io-index"
checksum = "a691755125a8211290191dc46f6a2c07898d891c00c4e09ebbad735908afa35a"
dependencies = [
 "bytes",
 "cfg-if",
 "content_inspector",
 "crc32c",
 "eyre",
 "fluvio-compression 0.2.4",
 "fluvio-future",
 "fluvio-protocol 0.7.9",
 "fluvio-types 0.3.9",
 "flv-util",
 "futures-util",
 "once_cell",
 "semver",
 "thiserror",
 "tracing",
]

[[package]]
name = "fluvio-future"
version = "0.4.5"
source = "registry+https://github.com/rust-lang/crates.io-index"
checksum = "37174044230084d1cfd7c02f194c5ec127bb8bc17c76f0cd74e943f2fe86ec34"
dependencies = [
 "fluvio-wasm-timer",
 "log",
 "thiserror",
 "tracing",
 "ws_stream_wasm",
]

[[package]]
name = "fluvio-protocol"
version = "0.7.9"
source = "registry+https://github.com/rust-lang/crates.io-index"
checksum = "6a5fa561c1628d40bdde2fbde33cb1ce4597386a3f943b45b09703bc3534cf2d"
dependencies = [
 "bytes",
 "fluvio-protocol-derive 0.4.5",
 "tracing",
]

[[package]]
name = "fluvio-protocol"
version = "0.12.0"
dependencies = [
 "bytes",
 "cfg-if",
 "content_inspector",
 "crc32c",
 "eyre",
 "fluvio-compression 0.3.4",
 "fluvio-protocol-derive 0.5.4",
 "fluvio-types 0.5.2",
 "flv-util",
 "once_cell",
 "semver",
 "thiserror",
 "tracing",
]

[[package]]
name = "fluvio-protocol-derive"
version = "0.4.5"
source = "registry+https://github.com/rust-lang/crates.io-index"
checksum = "6e9982118d9044e02ec1854df85d164778cf359bf2ce077fdf9c3fad146b0bbc"
dependencies = [
 "proc-macro2",
 "quote",
 "syn 1.0.109",
 "tracing",
]

[[package]]
name = "fluvio-protocol-derive"
version = "0.5.4"
dependencies = [
 "proc-macro2",
 "quote",
 "syn 1.0.109",
 "tracing",
]

[[package]]
name = "fluvio-smartmodule"
version = "0.2.5"
source = "registry+https://github.com/rust-lang/crates.io-index"
checksum = "1ef31561078a389034e04bbeae58cd4cac64282bd7e75c8195422fba4fe68b53"
dependencies = [
 "eyre",
 "fluvio-dataplane-protocol",
 "fluvio-smartmodule-derive 0.2.1",
]

[[package]]
name = "fluvio-smartmodule"
version = "0.8.0"
dependencies = [
 "eyre",
 "fluvio-protocol 0.12.0",
 "fluvio-smartmodule-derive 0.6.4",
 "thiserror",
 "tracing",
]

[[package]]
name = "fluvio-smartmodule-aggregate"
version = "0.0.0"
dependencies = [
 "fluvio-smartmodule 0.8.0",
]

[[package]]
name = "fluvio-smartmodule-aggregate-with-timestamp"
version = "0.0.0"
dependencies = [
 "chrono",
 "fluvio-smartmodule 0.8.0",
]

[[package]]
name = "fluvio-smartmodule-array-map-array"
version = "0.0.0"
dependencies = [
 "fluvio-smartmodule 0.8.0",
 "serde_json",
]

[[package]]
name = "fluvio-smartmodule-array-map-array-with-timestamp"
version = "0.0.0"
dependencies = [
 "chrono",
 "fluvio-smartmodule 0.8.0",
 "serde_json",
]

[[package]]
name = "fluvio-smartmodule-array-map-object"
version = "0.0.0"
dependencies = [
 "fluvio-smartmodule 0.8.0",
 "serde_json",
]

[[package]]
name = "fluvio-smartmodule-derive"
version = "0.2.1"
source = "registry+https://github.com/rust-lang/crates.io-index"
checksum = "16a97199cab326dcc210e8c771c8b99bfbd32ddb0e5ce1bfe54e303b8c3d3955"
dependencies = [
 "proc-macro2",
 "quote",
 "syn 1.0.109",
]

[[package]]
name = "fluvio-smartmodule-derive"
version = "0.6.4"
dependencies = [
 "proc-macro2",
 "quote",
 "syn 2.0.15",
]

[[package]]
name = "fluvio-smartmodule-filter"
version = "0.0.0"
dependencies = [
 "fluvio-smartmodule 0.8.0",
]

[[package]]
name = "fluvio-smartmodule-filter-hashset"
version = "0.0.0"
dependencies = [
 "fluvio-smartmodule 0.8.0",
]

[[package]]
name = "fluvio-smartmodule-filter-init"
version = "0.0.0"
dependencies = [
 "fluvio-smartmodule 0.8.0",
]

[[package]]
name = "fluvio-smartmodule-filter-lookback"
version = "0.0.0"
dependencies = [
 "fluvio-smartmodule 0.8.0",
]

[[package]]
name = "fluvio-smartmodule-filter-lookback-with-timestamps"
version = "0.0.0"
dependencies = [
 "fluvio-smartmodule 0.8.0",
]

[[package]]
name = "fluvio-smartmodule-filter-map"
version = "0.0.0"
dependencies = [
 "fluvio-smartmodule 0.8.0",
]

[[package]]
name = "fluvio-smartmodule-filter-param"
version = "0.0.0"
dependencies = [
 "fluvio-smartmodule 0.8.0",
]

[[package]]
name = "fluvio-smartmodule-map"
version = "0.0.0"
dependencies = [
 "fluvio-smartmodule 0.8.0",
]

[[package]]
name = "fluvio-smartmodule-map-with-timestamp"
version = "0.0.0"
dependencies = [
 "chrono",
 "fluvio-smartmodule 0.8.0",
]

[[package]]
name = "fluvio-types"
version = "0.3.9"
source = "registry+https://github.com/rust-lang/crates.io-index"
checksum = "03781d3cadb56c6c56c8539b07961902fa75dd13602efc3b174ea086060255ea"
dependencies = [
 "thiserror",
 "tracing",
]

[[package]]
name = "fluvio-types"
version = "0.5.2"
dependencies = [
 "serde",
 "thiserror",
 "toml",
 "tracing",
]

[[package]]
name = "fluvio-wasm-aggregate-average"
version = "0.0.0"
dependencies = [
 "fluvio-smartmodule 0.8.0",
 "serde",
 "serde_json",
]

[[package]]
name = "fluvio-wasm-aggregate-json"
version = "0.0.0"
dependencies = [
 "fluvio-smartmodule 0.8.0",
 "serde",
 "serde_json",
]

[[package]]
name = "fluvio-wasm-aggregate-sum"
version = "0.0.0"
dependencies = [
 "fluvio-smartmodule 0.8.0",
]

[[package]]
name = "fluvio-wasm-array-map-reddit"
version = "0.0.0"
dependencies = [
 "fluvio-smartmodule 0.8.0",
 "serde",
 "serde_json",
]

[[package]]
name = "fluvio-wasm-filter-json"
version = "0.0.0"
dependencies = [
 "fluvio-smartmodule 0.8.0",
 "serde",
 "serde_json",
]

[[package]]
name = "fluvio-wasm-filter-odd"
version = "0.0.0"
dependencies = [
 "fluvio-smartmodule 0.8.0",
 "thiserror",
]

[[package]]
name = "fluvio-wasm-filter-regex"
version = "0.0.0"
dependencies = [
 "fluvio-smartmodule 0.8.0",
 "regex",
]

[[package]]
name = "fluvio-wasm-filter-with-parameters-v1"
version = "0.0.0"
dependencies = [
 "fluvio-smartmodule 0.2.5",
]

[[package]]
name = "fluvio-wasm-map-double"
version = "0.0.0"
dependencies = [
 "fluvio-smartmodule 0.8.0",
]

[[package]]
name = "fluvio-wasm-map-json"
version = "0.0.0"
dependencies = [
 "fluvio-smartmodule 0.8.0",
 "serde_json",
 "serde_yaml",
]

[[package]]
name = "fluvio-wasm-map-regex"
version = "0.0.0"
dependencies = [
 "fluvio-smartmodule 0.8.0",
 "once_cell",
 "regex",
]

[[package]]
name = "fluvio-wasm-timer"
version = "0.2.5"
source = "registry+https://github.com/rust-lang/crates.io-index"
checksum = "b768c170dc045fa587a8f948c91f9bcfb87f774930477c6215addf54317f137f"
dependencies = [
 "futures",
 "js-sys",
 "parking_lot",
 "pin-utils",
 "wasm-bindgen",
 "wasm-bindgen-futures",
 "web-sys",
]

[[package]]
name = "flv-util"
version = "0.5.2"
source = "registry+https://github.com/rust-lang/crates.io-index"
checksum = "de89447c8b4aecfa4c0614d1a7be1c6ab4a0266b59bb2713fd746901f28d124e"
dependencies = [
 "log",
 "tracing",
]

[[package]]
name = "futures"
version = "0.3.28"
source = "registry+https://github.com/rust-lang/crates.io-index"
checksum = "23342abe12aba583913b2e62f22225ff9c950774065e4bfb61a19cd9770fec40"
dependencies = [
 "futures-channel",
 "futures-core",
 "futures-executor",
 "futures-io",
 "futures-sink",
 "futures-task",
 "futures-util",
]

[[package]]
name = "futures-channel"
version = "0.3.28"
source = "registry+https://github.com/rust-lang/crates.io-index"
checksum = "955518d47e09b25bbebc7a18df10b81f0c766eaf4c4f1cccef2fca5f2a4fb5f2"
dependencies = [
 "futures-core",
 "futures-sink",
]

[[package]]
name = "futures-core"
version = "0.3.28"
source = "registry+https://github.com/rust-lang/crates.io-index"
checksum = "4bca583b7e26f571124fe5b7561d49cb2868d79116cfa0eefce955557c6fee8c"

[[package]]
name = "futures-executor"
version = "0.3.28"
source = "registry+https://github.com/rust-lang/crates.io-index"
checksum = "ccecee823288125bd88b4d7f565c9e58e41858e47ab72e8ea2d64e93624386e0"
dependencies = [
 "futures-core",
 "futures-task",
 "futures-util",
]

[[package]]
name = "futures-io"
version = "0.3.28"
source = "registry+https://github.com/rust-lang/crates.io-index"
checksum = "4fff74096e71ed47f8e023204cfd0aa1289cd54ae5430a9523be060cdb849964"

[[package]]
name = "futures-macro"
version = "0.3.28"
source = "registry+https://github.com/rust-lang/crates.io-index"
checksum = "89ca545a94061b6365f2c7355b4b32bd20df3ff95f02da9329b34ccc3bd6ee72"
dependencies = [
 "proc-macro2",
 "quote",
 "syn 2.0.15",
]

[[package]]
name = "futures-sink"
version = "0.3.28"
source = "registry+https://github.com/rust-lang/crates.io-index"
checksum = "f43be4fe21a13b9781a69afa4985b0f6ee0e1afab2c6f454a8cf30e2b2237b6e"

[[package]]
name = "futures-task"
version = "0.3.28"
source = "registry+https://github.com/rust-lang/crates.io-index"
checksum = "76d3d132be6c0e6aa1534069c705a74a5997a356c0dc2f86a47765e5617c5b65"

[[package]]
name = "futures-util"
version = "0.3.28"
source = "registry+https://github.com/rust-lang/crates.io-index"
checksum = "26b01e40b772d54cf6c6d721c1d1abd0647a0106a12ecaa1c186273392a69533"
dependencies = [
 "futures-channel",
 "futures-core",
 "futures-io",
 "futures-macro",
 "futures-sink",
 "futures-task",
 "memchr",
 "pin-project-lite",
 "pin-utils",
 "slab",
]

[[package]]
name = "hashbrown"
version = "0.12.3"
source = "registry+https://github.com/rust-lang/crates.io-index"
checksum = "8a9ee70c43aaf417c914396645a0fa852624801b24ebb7ae78fe8272889ac888"

[[package]]
name = "hashbrown"
version = "0.14.3"
source = "registry+https://github.com/rust-lang/crates.io-index"
checksum = "290f1a1d9242c78d09ce40a5e87e7554ee637af1351968159f4952f028f75604"

[[package]]
name = "indenter"
version = "0.3.3"
source = "registry+https://github.com/rust-lang/crates.io-index"
checksum = "ce23b50ad8242c51a442f3ff322d56b02f08852c77e4c0b4d3fd684abc89c683"

[[package]]
name = "indexmap"
version = "1.9.3"
source = "registry+https://github.com/rust-lang/crates.io-index"
checksum = "bd070e393353796e801d209ad339e89596eb4c8d430d18ede6a1cced8fafbd99"
dependencies = [
 "autocfg",
 "hashbrown 0.12.3",
]

[[package]]
name = "indexmap"
version = "2.2.6"
source = "registry+https://github.com/rust-lang/crates.io-index"
checksum = "168fb715dda47215e360912c096649d23d58bf392ac62f73919e831745e40f26"
dependencies = [
 "equivalent",
 "hashbrown 0.14.3",
]

[[package]]
name = "instant"
version = "0.1.12"
source = "registry+https://github.com/rust-lang/crates.io-index"
checksum = "7a5bbe824c507c5da5956355e86a746d82e0e1464f65d862cc5e71da70e94b2c"
dependencies = [
 "cfg-if",
 "js-sys",
 "wasm-bindgen",
 "web-sys",
]

[[package]]
name = "itoa"
version = "1.0.6"
source = "registry+https://github.com/rust-lang/crates.io-index"
checksum = "453ad9f582a441959e5f0d088b02ce04cfe8d51a8eaf077f12ac6d3e94164ca6"

[[package]]
name = "js-sys"
version = "0.3.61"
source = "registry+https://github.com/rust-lang/crates.io-index"
checksum = "445dde2150c55e483f3d8416706b97ec8e8237c307e5b7b4b8dd15e6af2a0730"
dependencies = [
 "wasm-bindgen",
]

[[package]]
name = "libc"
version = "0.2.142"
source = "registry+https://github.com/rust-lang/crates.io-index"
checksum = "6a987beff54b60ffa6d51982e1aa1146bc42f19bd26be28b0586f252fccf5317"

[[package]]
name = "lock_api"
version = "0.4.9"
source = "registry+https://github.com/rust-lang/crates.io-index"
checksum = "435011366fe56583b16cf956f9df0095b405b82d76425bc8981c0e22e60ec4df"
dependencies = [
 "autocfg",
 "scopeguard",
]

[[package]]
name = "log"
version = "0.4.17"
source = "registry+https://github.com/rust-lang/crates.io-index"
checksum = "abb12e687cfb44aa40f41fc3978ef76448f9b6038cad6aef4259d3c095a2382e"
dependencies = [
 "cfg-if",
]

[[package]]
name = "lz4_flex"
version = "0.10.0"
source = "registry+https://github.com/rust-lang/crates.io-index"
checksum = "8b8c72594ac26bfd34f2d99dfced2edfaddfe8a476e3ff2ca0eb293d925c4f83"
dependencies = [
 "twox-hash",
]

[[package]]
name = "memchr"
version = "2.5.0"
source = "registry+https://github.com/rust-lang/crates.io-index"
checksum = "2dffe52ecf27772e601905b7522cb4ef790d2cc203488bbd0e2fe85fcb74566d"

[[package]]
name = "miniz_oxide"
version = "0.6.2"
source = "registry+https://github.com/rust-lang/crates.io-index"
checksum = "b275950c28b37e794e8c55d88aeb5e139d0ce23fdbbeda68f8d7174abdf9e8fa"
dependencies = [
 "adler",
]

[[package]]
name = "num-traits"
version = "0.2.15"
source = "registry+https://github.com/rust-lang/crates.io-index"
checksum = "578ede34cf02f8924ab9447f50c28075b4d3e5b269972345e7e0372b38c6cdcd"
dependencies = [
 "autocfg",
]

[[package]]
name = "once_cell"
version = "1.17.1"
source = "registry+https://github.com/rust-lang/crates.io-index"
checksum = "b7e5500299e16ebb147ae15a00a942af264cf3688f47923b8fc2cd5858f23ad3"

[[package]]
name = "parking_lot"
version = "0.11.2"
source = "registry+https://github.com/rust-lang/crates.io-index"
checksum = "7d17b78036a60663b797adeaee46f5c9dfebb86948d1255007a1d6be0271ff99"
dependencies = [
 "instant",
 "lock_api",
 "parking_lot_core",
]

[[package]]
name = "parking_lot_core"
version = "0.8.6"
source = "registry+https://github.com/rust-lang/crates.io-index"
checksum = "60a2cfe6f0ad2bfc16aefa463b497d5c7a5ecd44a23efa72aa342d90177356dc"
dependencies = [
 "cfg-if",
 "instant",
 "libc",
 "redox_syscall",
 "smallvec",
 "winapi",
]

[[package]]
name = "pharos"
version = "0.5.3"
source = "registry+https://github.com/rust-lang/crates.io-index"
checksum = "e9567389417feee6ce15dd6527a8a1ecac205ef62c2932bcf3d9f6fc5b78b414"
dependencies = [
 "futures",
 "rustc_version",
]

[[package]]
name = "pin-project-lite"
version = "0.2.9"
source = "registry+https://github.com/rust-lang/crates.io-index"
checksum = "e0a7ae3ac2f1173085d398531c705756c94a4c56843785df85a60c1a0afac116"

[[package]]
name = "pin-utils"
version = "0.1.0"
source = "registry+https://github.com/rust-lang/crates.io-index"
checksum = "8b870d8c151b6f2fb93e84a13146138f05d02ed11c7e7c54f8826aaaf7c9f184"

[[package]]
name = "proc-macro2"
version = "1.0.56"
source = "registry+https://github.com/rust-lang/crates.io-index"
checksum = "2b63bdb0cd06f1f4dedf69b254734f9b45af66e4a031e42a7480257d9898b435"
dependencies = [
 "unicode-ident",
]

[[package]]
name = "quote"
version = "1.0.26"
source = "registry+https://github.com/rust-lang/crates.io-index"
checksum = "4424af4bf778aae2051a77b60283332f386554255d722233d09fbfc7e30da2fc"
dependencies = [
 "proc-macro2",
]

[[package]]
name = "redox_syscall"
version = "0.2.16"
source = "registry+https://github.com/rust-lang/crates.io-index"
checksum = "fb5a58c1855b4b6819d59012155603f0b22ad30cad752600aadfcb695265519a"
dependencies = [
 "bitflags",
]

[[package]]
name = "regex"
version = "1.8.1"
source = "registry+https://github.com/rust-lang/crates.io-index"
checksum = "af83e617f331cc6ae2da5443c602dfa5af81e517212d9d611a5b3ba1777b5370"
dependencies = [
 "aho-corasick",
 "memchr",
 "regex-syntax",
]

[[package]]
name = "regex-syntax"
version = "0.7.1"
source = "registry+https://github.com/rust-lang/crates.io-index"
checksum = "a5996294f19bd3aae0453a862ad728f60e6600695733dd5df01da90c54363a3c"

[[package]]
name = "rustc_version"
version = "0.4.0"
source = "registry+https://github.com/rust-lang/crates.io-index"
checksum = "bfa0f585226d2e68097d4f95d113b15b83a82e819ab25717ec0590d9584ef366"
dependencies = [
 "semver",
]

[[package]]
name = "ryu"
version = "1.0.13"
source = "registry+https://github.com/rust-lang/crates.io-index"
checksum = "f91339c0467de62360649f8d3e185ca8de4224ff281f66000de5eb2a77a79041"

[[package]]
name = "scopeguard"
version = "1.1.0"
source = "registry+https://github.com/rust-lang/crates.io-index"
checksum = "d29ab0c6d3fc0ee92fe66e2d99f700eab17a8d57d1c1d3b748380fb20baa78cd"

[[package]]
name = "semver"
version = "1.0.17"
source = "registry+https://github.com/rust-lang/crates.io-index"
checksum = "bebd363326d05ec3e2f532ab7660680f3b02130d780c299bca73469d521bc0ed"

[[package]]
name = "send_wrapper"
version = "0.6.0"
source = "registry+https://github.com/rust-lang/crates.io-index"
checksum = "cd0b0ec5f1c1ca621c432a25813d8d60c88abe6d3e08a3eb9cf37d97a0fe3d73"

[[package]]
name = "serde"
version = "1.0.160"
source = "registry+https://github.com/rust-lang/crates.io-index"
checksum = "bb2f3770c8bce3bcda7e149193a069a0f4365bda1fa5cd88e03bca26afc1216c"
dependencies = [
 "serde_derive",
]

[[package]]
name = "serde_derive"
version = "1.0.160"
source = "registry+https://github.com/rust-lang/crates.io-index"
checksum = "291a097c63d8497e00160b166a967a4a79c64f3facdd01cbd7502231688d77df"
dependencies = [
 "proc-macro2",
 "quote",
 "syn 2.0.15",
]

[[package]]
name = "serde_json"
version = "1.0.96"
source = "registry+https://github.com/rust-lang/crates.io-index"
checksum = "057d394a50403bcac12672b2b18fb387ab6d289d957dab67dd201875391e52f1"
dependencies = [
 "itoa",
 "ryu",
 "serde",
]

[[package]]
name = "serde_spanned"
version = "0.6.5"
source = "registry+https://github.com/rust-lang/crates.io-index"
checksum = "eb3622f419d1296904700073ea6cc23ad690adbd66f13ea683df73298736f0c1"
dependencies = [
 "serde",
]

[[package]]
name = "serde_yaml"
version = "0.9.21"
source = "registry+https://github.com/rust-lang/crates.io-index"
checksum = "d9d684e3ec7de3bf5466b32bd75303ac16f0736426e5a4e0d6e489559ce1249c"
dependencies = [
 "indexmap 1.9.3",
 "itoa",
 "ryu",
 "serde",
 "unsafe-libyaml",
]

[[package]]
name = "slab"
version = "0.4.8"
source = "registry+https://github.com/rust-lang/crates.io-index"
checksum = "6528351c9bc8ab22353f9d776db39a20288e8d6c37ef8cfe3317cf875eecfc2d"
dependencies = [
 "autocfg",
]

[[package]]
name = "sm-integer-sum-aggegrate"
version = "0.0.0"
dependencies = [
 "fluvio-smartmodule 0.8.0",
]

[[package]]
name = "smallvec"
version = "1.10.0"
source = "registry+https://github.com/rust-lang/crates.io-index"
checksum = "a507befe795404456341dfab10cef66ead4c041f62b8b11bbb92bffe5d0953e0"

[[package]]
name = "snap"
version = "1.1.0"
source = "registry+https://github.com/rust-lang/crates.io-index"
checksum = "5e9f0ab6ef7eb7353d9119c170a436d1bf248eea575ac42d19d12f4e34130831"

[[package]]
name = "static_assertions"
version = "1.1.0"
source = "registry+https://github.com/rust-lang/crates.io-index"
checksum = "a2eb9349b6444b326872e140eb1cf5e7c522154d69e7a0ffb0fb81c06b37543f"

[[package]]
name = "syn"
version = "1.0.109"
source = "registry+https://github.com/rust-lang/crates.io-index"
checksum = "72b64191b275b66ffe2469e8af2c1cfe3bafa67b529ead792a6d0160888b4237"
dependencies = [
 "proc-macro2",
 "quote",
 "unicode-ident",
]

[[package]]
name = "syn"
version = "2.0.15"
source = "registry+https://github.com/rust-lang/crates.io-index"
checksum = "a34fcf3e8b60f57e6a14301a2e916d323af98b0ea63c599441eec8558660c822"
dependencies = [
 "proc-macro2",
 "quote",
 "unicode-ident",
]

[[package]]
name = "thiserror"
version = "1.0.40"
source = "registry+https://github.com/rust-lang/crates.io-index"
checksum = "978c9a314bd8dc99be594bc3c175faaa9794be04a5a5e153caba6915336cebac"
dependencies = [
 "thiserror-impl",
]

[[package]]
name = "thiserror-impl"
version = "1.0.40"
source = "registry+https://github.com/rust-lang/crates.io-index"
checksum = "f9456a42c5b0d803c8cd86e73dd7cc9edd429499f37a3550d286d5e86720569f"
dependencies = [
 "proc-macro2",
 "quote",
 "syn 2.0.15",
]

[[package]]
name = "toml"
version = "0.8.12"
source = "registry+https://github.com/rust-lang/crates.io-index"
checksum = "e9dd1545e8208b4a5af1aa9bbd0b4cf7e9ea08fabc5d0a5c67fcaafa17433aa3"
dependencies = [
 "indexmap 2.2.6",
 "serde",
 "serde_spanned",
 "toml_datetime",
 "toml_edit",
]

[[package]]
name = "toml_datetime"
version = "0.6.5"
source = "registry+https://github.com/rust-lang/crates.io-index"
checksum = "3550f4e9685620ac18a50ed434eb3aec30db8ba93b0287467bca5826ea25baf1"
dependencies = [
 "serde",
]

[[package]]
name = "toml_edit"
version = "0.22.9"
source = "registry+https://github.com/rust-lang/crates.io-index"
checksum = "8e40bb779c5187258fd7aad0eb68cb8706a0a81fa712fbea808ab43c4b8374c4"
dependencies = [
 "indexmap 2.2.6",
 "serde",
 "serde_spanned",
 "toml_datetime",
 "winnow",
]

[[package]]
name = "tracing"
version = "0.1.37"
source = "registry+https://github.com/rust-lang/crates.io-index"
checksum = "8ce8c33a8d48bd45d624a6e523445fd21ec13d3653cd51f681abf67418f54eb8"
dependencies = [
 "cfg-if",
 "pin-project-lite",
 "tracing-attributes",
 "tracing-core",
]

[[package]]
name = "tracing-attributes"
version = "0.1.23"
source = "registry+https://github.com/rust-lang/crates.io-index"
checksum = "4017f8f45139870ca7e672686113917c71c7a6e02d4924eda67186083c03081a"
dependencies = [
 "proc-macro2",
 "quote",
 "syn 1.0.109",
]

[[package]]
name = "tracing-core"
version = "0.1.30"
source = "registry+https://github.com/rust-lang/crates.io-index"
checksum = "24eb03ba0eab1fd845050058ce5e616558e8f8d8fca633e6b163fe25c797213a"
dependencies = [
 "once_cell",
]

[[package]]
name = "twox-hash"
version = "1.6.3"
source = "registry+https://github.com/rust-lang/crates.io-index"
checksum = "97fee6b57c6a41524a810daee9286c02d7752c4253064d0b05472833a438f675"
dependencies = [
 "cfg-if",
 "static_assertions",
]

[[package]]
name = "unicode-ident"
version = "1.0.8"
source = "registry+https://github.com/rust-lang/crates.io-index"
checksum = "e5464a87b239f13a63a501f2701565754bae92d243d4bb7eb12f6d57d2269bf4"

[[package]]
name = "unsafe-libyaml"
version = "0.2.8"
source = "registry+https://github.com/rust-lang/crates.io-index"
checksum = "1865806a559042e51ab5414598446a5871b561d21b6764f2eabb0dd481d880a6"

[[package]]
name = "wasm-bindgen"
version = "0.2.84"
source = "registry+https://github.com/rust-lang/crates.io-index"
checksum = "31f8dcbc21f30d9b8f2ea926ecb58f6b91192c17e9d33594b3df58b2007ca53b"
dependencies = [
 "cfg-if",
 "wasm-bindgen-macro",
]

[[package]]
name = "wasm-bindgen-backend"
version = "0.2.84"
source = "registry+https://github.com/rust-lang/crates.io-index"
checksum = "95ce90fd5bcc06af55a641a86428ee4229e44e07033963a2290a8e241607ccb9"
dependencies = [
 "bumpalo",
 "log",
 "once_cell",
 "proc-macro2",
 "quote",
 "syn 1.0.109",
 "wasm-bindgen-shared",
]

[[package]]
name = "wasm-bindgen-futures"
version = "0.4.34"
source = "registry+https://github.com/rust-lang/crates.io-index"
checksum = "f219e0d211ba40266969f6dbdd90636da12f75bee4fc9d6c23d1260dadb51454"
dependencies = [
 "cfg-if",
 "js-sys",
 "wasm-bindgen",
 "web-sys",
]

[[package]]
name = "wasm-bindgen-macro"
version = "0.2.84"
source = "registry+https://github.com/rust-lang/crates.io-index"
checksum = "4c21f77c0bedc37fd5dc21f897894a5ca01e7bb159884559461862ae90c0b4c5"
dependencies = [
 "quote",
 "wasm-bindgen-macro-support",
]

[[package]]
name = "wasm-bindgen-macro-support"
version = "0.2.84"
source = "registry+https://github.com/rust-lang/crates.io-index"
checksum = "2aff81306fcac3c7515ad4e177f521b5c9a15f2b08f4e32d823066102f35a5f6"
dependencies = [
 "proc-macro2",
 "quote",
 "syn 1.0.109",
 "wasm-bindgen-backend",
 "wasm-bindgen-shared",
]

[[package]]
name = "wasm-bindgen-shared"
version = "0.2.84"
source = "registry+https://github.com/rust-lang/crates.io-index"
checksum = "0046fef7e28c3804e5e38bfa31ea2a0f73905319b677e57ebe37e49358989b5d"

[[package]]
name = "web-sys"
version = "0.3.61"
source = "registry+https://github.com/rust-lang/crates.io-index"
checksum = "e33b99f4b23ba3eec1a53ac264e35a755f00e966e0065077d6027c0f575b0b97"
dependencies = [
 "js-sys",
 "wasm-bindgen",
]

[[package]]
name = "winapi"
version = "0.3.9"
source = "registry+https://github.com/rust-lang/crates.io-index"
checksum = "5c839a674fcd7a98952e593242ea400abe93992746761e38641405d28b00f419"
dependencies = [
 "winapi-i686-pc-windows-gnu",
 "winapi-x86_64-pc-windows-gnu",
]

[[package]]
name = "winapi-i686-pc-windows-gnu"
version = "0.4.0"
source = "registry+https://github.com/rust-lang/crates.io-index"
checksum = "ac3b87c63620426dd9b991e5ce0329eff545bccbbb34f3be09ff6fb6ab51b7b6"

[[package]]
name = "winapi-x86_64-pc-windows-gnu"
version = "0.4.0"
source = "registry+https://github.com/rust-lang/crates.io-index"
checksum = "712e227841d057c1ee1cd2fb22fa7e5a5461ae8e48fa2ca79ec42cfc1931183f"

[[package]]
name = "winnow"
version = "0.6.5"
source = "registry+https://github.com/rust-lang/crates.io-index"
checksum = "dffa400e67ed5a4dd237983829e66475f0a4a26938c4b04c21baede6262215b8"
dependencies = [
 "memchr",
]

[[package]]
name = "ws_stream_wasm"
version = "0.7.4"
source = "registry+https://github.com/rust-lang/crates.io-index"
checksum = "7999f5f4217fe3818726b66257a4475f71e74ffd190776ad053fa159e50737f5"
dependencies = [
 "async_io_stream",
 "futures",
 "js-sys",
 "log",
 "pharos",
 "rustc_version",
 "send_wrapper",
 "thiserror",
 "wasm-bindgen",
 "wasm-bindgen-futures",
 "web-sys",
]
